// !$*UTF8*$!
{
	archiveVersion = 1;
	classes = {
	};
	objectVersion = 46;
	objects = {

/* Begin PBXBuildFile section */
		FA481D031ED4856300F0A0E9 /* AppDelegate.swift in Sources */ = {isa = PBXBuildFile; fileRef = FA481D021ED4856300F0A0E9 /* AppDelegate.swift */; };
		FA481D051ED4856300F0A0E9 /* ViewController.swift in Sources */ = {isa = PBXBuildFile; fileRef = FA481D041ED4856300F0A0E9 /* ViewController.swift */; };
		FA481D081ED4856300F0A0E9 /* Main.storyboard in Resources */ = {isa = PBXBuildFile; fileRef = FA481D061ED4856300F0A0E9 /* Main.storyboard */; };
		FA481D0A1ED4856300F0A0E9 /* Assets.xcassets in Resources */ = {isa = PBXBuildFile; fileRef = FA481D091ED4856300F0A0E9 /* Assets.xcassets */; };
		FA481D0D1ED4856300F0A0E9 /* LaunchScreen.storyboard in Resources */ = {isa = PBXBuildFile; fileRef = FA481D0B1ED4856300F0A0E9 /* LaunchScreen.storyboard */; };
		FA481D181ED4856300F0A0E9 /* _BallTests.swift in Sources */ = {isa = PBXBuildFile; fileRef = FA481D171ED4856300F0A0E9 /* _BallTests.swift */; };
		FA481D231ED4856300F0A0E9 /* _BallUITests.swift in Sources */ = {isa = PBXBuildFile; fileRef = FA481D221ED4856300F0A0E9 /* _BallUITests.swift */; };
		FA481D311ED5A36A00F0A0E9 /* AnswerBook.swift in Sources */ = {isa = PBXBuildFile; fileRef = FA481D301ED5A36A00F0A0E9 /* AnswerBook.swift */; };
		FA481D331ED5A65900F0A0E9 /* ColorBook.swift in Sources */ = {isa = PBXBuildFile; fileRef = FA481D321ED5A65900F0A0E9 /* ColorBook.swift */; };
/* End PBXBuildFile section */

/* Begin PBXContainerItemProxy section */
		FA481D141ED4856300F0A0E9 /* PBXContainerItemProxy */ = {
			isa = PBXContainerItemProxy;
			containerPortal = FA481CF71ED4856300F0A0E9 /* Project object */;
			proxyType = 1;
			remoteGlobalIDString = FA481CFE1ED4856300F0A0E9;
			remoteInfo = 8Ball;
		};
		FA481D1F1ED4856300F0A0E9 /* PBXContainerItemProxy */ = {
			isa = PBXContainerItemProxy;
			containerPortal = FA481CF71ED4856300F0A0E9 /* Project object */;
			proxyType = 1;
			remoteGlobalIDString = FA481CFE1ED4856300F0A0E9;
			remoteInfo = 8Ball;
		};
/* End PBXContainerItemProxy section */

/* Begin PBXFileReference section */
		FA481CFF1ED4856300F0A0E9 /* 8Ball.app */ = {isa = PBXFileReference; explicitFileType = wrapper.application; includeInIndex = 0; path = 8Ball.app; sourceTree = BUILT_PRODUCTS_DIR; };
		FA481D021ED4856300F0A0E9 /* AppDelegate.swift */ = {isa = PBXFileReference; lastKnownFileType = sourcecode.swift; path = AppDelegate.swift; sourceTree = "<group>"; };
		FA481D041ED4856300F0A0E9 /* ViewController.swift */ = {isa = PBXFileReference; lastKnownFileType = sourcecode.swift; path = ViewController.swift; sourceTree = "<group>"; };
		FA481D071ED4856300F0A0E9 /* Base */ = {isa = PBXFileReference; lastKnownFileType = file.storyboard; name = Base; path = Base.lproj/Main.storyboard; sourceTree = "<group>"; };
		FA481D091ED4856300F0A0E9 /* Assets.xcassets */ = {isa = PBXFileReference; lastKnownFileType = folder.assetcatalog; path = Assets.xcassets; sourceTree = "<group>"; };
		FA481D0C1ED4856300F0A0E9 /* Base */ = {isa = PBXFileReference; lastKnownFileType = file.storyboard; name = Base; path = Base.lproj/LaunchScreen.storyboard; sourceTree = "<group>"; };
		FA481D0E1ED4856300F0A0E9 /* Info.plist */ = {isa = PBXFileReference; lastKnownFileType = text.plist.xml; path = Info.plist; sourceTree = "<group>"; };
		FA481D131ED4856300F0A0E9 /* 8BallTests.xctest */ = {isa = PBXFileReference; explicitFileType = wrapper.cfbundle; includeInIndex = 0; path = 8BallTests.xctest; sourceTree = BUILT_PRODUCTS_DIR; };
		FA481D171ED4856300F0A0E9 /* _BallTests.swift */ = {isa = PBXFileReference; lastKnownFileType = sourcecode.swift; path = _BallTests.swift; sourceTree = "<group>"; };
		FA481D191ED4856300F0A0E9 /* Info.plist */ = {isa = PBXFileReference; lastKnownFileType = text.plist.xml; path = Info.plist; sourceTree = "<group>"; };
		FA481D1E1ED4856300F0A0E9 /* 8BallUITests.xctest */ = {isa = PBXFileReference; explicitFileType = wrapper.cfbundle; includeInIndex = 0; path = 8BallUITests.xctest; sourceTree = BUILT_PRODUCTS_DIR; };
		FA481D221ED4856300F0A0E9 /* _BallUITests.swift */ = {isa = PBXFileReference; lastKnownFileType = sourcecode.swift; path = _BallUITests.swift; sourceTree = "<group>"; };
		FA481D241ED4856300F0A0E9 /* Info.plist */ = {isa = PBXFileReference; lastKnownFileType = text.plist.xml; path = Info.plist; sourceTree = "<group>"; };
		FA481D301ED5A36A00F0A0E9 /* AnswerBook.swift */ = {isa = PBXFileReference; fileEncoding = 4; lastKnownFileType = sourcecode.swift; path = AnswerBook.swift; sourceTree = "<group>"; };
		FA481D321ED5A65900F0A0E9 /* ColorBook.swift */ = {isa = PBXFileReference; fileEncoding = 4; lastKnownFileType = sourcecode.swift; path = ColorBook.swift; sourceTree = "<group>"; };
/* End PBXFileReference section */

/* Begin PBXFrameworksBuildPhase section */
		FA481CFC1ED4856300F0A0E9 /* Frameworks */ = {
			isa = PBXFrameworksBuildPhase;
			buildActionMask = 2147483647;
			files = (
			);
			runOnlyForDeploymentPostprocessing = 0;
		};
		FA481D101ED4856300F0A0E9 /* Frameworks */ = {
			isa = PBXFrameworksBuildPhase;
			buildActionMask = 2147483647;
			files = (
			);
			runOnlyForDeploymentPostprocessing = 0;
		};
		FA481D1B1ED4856300F0A0E9 /* Frameworks */ = {
			isa = PBXFrameworksBuildPhase;
			buildActionMask = 2147483647;
			files = (
			);
			runOnlyForDeploymentPostprocessing = 0;
		};
/* End PBXFrameworksBuildPhase section */

/* Begin PBXGroup section */
		FA481CF61ED4856300F0A0E9 = {
			isa = PBXGroup;
			children = (
				FA481D011ED4856300F0A0E9 /* 8Ball */,
				FA481D161ED4856300F0A0E9 /* 8BallTests */,
				FA481D211ED4856300F0A0E9 /* 8BallUITests */,
				FA481D001ED4856300F0A0E9 /* Products */,
			);
			sourceTree = "<group>";
		};
		FA481D001ED4856300F0A0E9 /* Products */ = {
			isa = PBXGroup;
			children = (
				FA481CFF1ED4856300F0A0E9 /* 8Ball.app */,
				FA481D131ED4856300F0A0E9 /* 8BallTests.xctest */,
				FA481D1E1ED4856300F0A0E9 /* 8BallUITests.xctest */,
			);
			name = Products;
			sourceTree = "<group>";
		};
		FA481D011ED4856300F0A0E9 /* 8Ball */ = {
			isa = PBXGroup;
			children = (
				FA481D021ED4856300F0A0E9 /* AppDelegate.swift */,
				FA481D041ED4856300F0A0E9 /* ViewController.swift */,
				FA481D061ED4856300F0A0E9 /* Main.storyboard */,
				FA481D091ED4856300F0A0E9 /* Assets.xcassets */,
				FA481D0B1ED4856300F0A0E9 /* LaunchScreen.storyboard */,
				FA481D0E1ED4856300F0A0E9 /* Info.plist */,
				FA481D301ED5A36A00F0A0E9 /* AnswerBook.swift */,
				FA481D321ED5A65900F0A0E9 /* ColorBook.swift */,
			);
			path = 8Ball;
			sourceTree = "<group>";
		};
		FA481D161ED4856300F0A0E9 /* 8BallTests */ = {
			isa = PBXGroup;
			children = (
				FA481D171ED4856300F0A0E9 /* _BallTests.swift */,
				FA481D191ED4856300F0A0E9 /* Info.plist */,
			);
			path = 8BallTests;
			sourceTree = "<group>";
		};
		FA481D211ED4856300F0A0E9 /* 8BallUITests */ = {
			isa = PBXGroup;
			children = (
				FA481D221ED4856300F0A0E9 /* _BallUITests.swift */,
				FA481D241ED4856300F0A0E9 /* Info.plist */,
			);
			path = 8BallUITests;
			sourceTree = "<group>";
		};
/* End PBXGroup section */

/* Begin PBXNativeTarget section */
		FA481CFE1ED4856300F0A0E9 /* 8Ball */ = {
			isa = PBXNativeTarget;
			buildConfigurationList = FA481D271ED4856300F0A0E9 /* Build configuration list for PBXNativeTarget "8Ball" */;
			buildPhases = (
				FA481CFB1ED4856300F0A0E9 /* Sources */,
				FA481CFC1ED4856300F0A0E9 /* Frameworks */,
				FA481CFD1ED4856300F0A0E9 /* Resources */,
			);
			buildRules = (
			);
			dependencies = (
			);
			name = 8Ball;
			productName = 8Ball;
			productReference = FA481CFF1ED4856300F0A0E9 /* 8Ball.app */;
			productType = "com.apple.product-type.application";
		};
		FA481D121ED4856300F0A0E9 /* 8BallTests */ = {
			isa = PBXNativeTarget;
			buildConfigurationList = FA481D2A1ED4856300F0A0E9 /* Build configuration list for PBXNativeTarget "8BallTests" */;
			buildPhases = (
				FA481D0F1ED4856300F0A0E9 /* Sources */,
				FA481D101ED4856300F0A0E9 /* Frameworks */,
				FA481D111ED4856300F0A0E9 /* Resources */,
			);
			buildRules = (
			);
			dependencies = (
				FA481D151ED4856300F0A0E9 /* PBXTargetDependency */,
			);
			name = 8BallTests;
			productName = 8BallTests;
			productReference = FA481D131ED4856300F0A0E9 /* 8BallTests.xctest */;
			productType = "com.apple.product-type.bundle.unit-test";
		};
		FA481D1D1ED4856300F0A0E9 /* 8BallUITests */ = {
			isa = PBXNativeTarget;
			buildConfigurationList = FA481D2D1ED4856300F0A0E9 /* Build configuration list for PBXNativeTarget "8BallUITests" */;
			buildPhases = (
				FA481D1A1ED4856300F0A0E9 /* Sources */,
				FA481D1B1ED4856300F0A0E9 /* Frameworks */,
				FA481D1C1ED4856300F0A0E9 /* Resources */,
			);
			buildRules = (
			);
			dependencies = (
				FA481D201ED4856300F0A0E9 /* PBXTargetDependency */,
			);
			name = 8BallUITests;
			productName = 8BallUITests;
			productReference = FA481D1E1ED4856300F0A0E9 /* 8BallUITests.xctest */;
			productType = "com.apple.product-type.bundle.ui-testing";
		};
/* End PBXNativeTarget section */

/* Begin PBXProject section */
		FA481CF71ED4856300F0A0E9 /* Project object */ = {
			isa = PBXProject;
			attributes = {
				LastSwiftUpdateCheck = 0730;
				LastUpgradeCheck = 0730;
				ORGANIZATIONNAME = "Louise Bishop";
				TargetAttributes = {
					FA481CFE1ED4856300F0A0E9 = {
						CreatedOnToolsVersion = 7.3.1;
					};
					FA481D121ED4856300F0A0E9 = {
						CreatedOnToolsVersion = 7.3.1;
						TestTargetID = FA481CFE1ED4856300F0A0E9;
					};
					FA481D1D1ED4856300F0A0E9 = {
						CreatedOnToolsVersion = 7.3.1;
						TestTargetID = FA481CFE1ED4856300F0A0E9;
					};
				};
			};
			buildConfigurationList = FA481CFA1ED4856300F0A0E9 /* Build configuration list for PBXProject "8Ball" */;
			compatibilityVersion = "Xcode 3.2";
			developmentRegion = English;
			hasScannedForEncodings = 0;
			knownRegions = (
				en,
				Base,
			);
			mainGroup = FA481CF61ED4856300F0A0E9;
			productRefGroup = FA481D001ED4856300F0A0E9 /* Products */;
			projectDirPath = "";
			projectRoot = "";
			targets = (
				FA481CFE1ED4856300F0A0E9 /* 8Ball */,
				FA481D121ED4856300F0A0E9 /* 8BallTests */,
				FA481D1D1ED4856300F0A0E9 /* 8BallUITests */,
			);
		};
/* End PBXProject section */

/* Begin PBXResourcesBuildPhase section */
		FA481CFD1ED4856300F0A0E9 /* Resources */ = {
			isa = PBXResourcesBuildPhase;
			buildActionMask = 2147483647;
			files = (
				FA481D0D1ED4856300F0A0E9 /* LaunchScreen.storyboard in Resources */,
				FA481D0A1ED4856300F0A0E9 /* Assets.xcassets in Resources */,
				FA481D081ED4856300F0A0E9 /* Main.storyboard in Resources */,
			);
			runOnlyForDeploymentPostprocessing = 0;
		};
		FA481D111ED4856300F0A0E9 /* Resources */ = {
			isa = PBXResourcesBuildPhase;
			buildActionMask = 2147483647;
			files = (
			);
			runOnlyForDeploymentPostprocessing = 0;
		};
		FA481D1C1ED4856300F0A0E9 /* Resources */ = {
			isa = PBXResourcesBuildPhase;
			buildActionMask = 2147483647;
			files = (
			);
			runOnlyForDeploymentPostprocessing = 0;
		};
/* End PBXResourcesBuildPhase section */

/* Begin PBXSourcesBuildPhase section */
		FA481CFB1ED4856300F0A0E9 /* Sources */ = {
			isa = PBXSourcesBuildPhase;
			buildActionMask = 2147483647;
			files = (
				FA481D331ED5A65900F0A0E9 /* ColorBook.swift in Sources */,
				FA481D051ED4856300F0A0E9 /* ViewController.swift in Sources */,
				FA481D031ED4856300F0A0E9 /* AppDelegate.swift in Sources */,
				FA481D311ED5A36A00F0A0E9 /* AnswerBook.swift in Sources */,
			);
			runOnlyForDeploymentPostprocessing = 0;
		};
		FA481D0F1ED4856300F0A0E9 /* Sources */ = {
			isa = PBXSourcesBuildPhase;
			buildActionMask = 2147483647;
			files = (
				FA481D181ED4856300F0A0E9 /* _BallTests.swift in Sources */,
			);
			runOnlyForDeploymentPostprocessing = 0;
		};
		FA481D1A1ED4856300F0A0E9 /* Sources */ = {
			isa = PBXSourcesBuildPhase;
			buildActionMask = 2147483647;
			files = (
				FA481D231ED4856300F0A0E9 /* _BallUITests.swift in Sources */,
			);
			runOnlyForDeploymentPostprocessing = 0;
		};
/* End PBXSourcesBuildPhase section */

/* Begin PBXTargetDependency section */
		FA481D151ED4856300F0A0E9 /* PBXTargetDependency */ = {
			isa = PBXTargetDependency;
			target = FA481CFE1ED4856300F0A0E9 /* 8Ball */;
			targetProxy = FA481D141ED4856300F0A0E9 /* PBXContainerItemProxy */;
		};
		FA481D201ED4856300F0A0E9 /* PBXTargetDependency */ = {
			isa = PBXTargetDependency;
			target = FA481CFE1ED4856300F0A0E9 /* 8Ball */;
			targetProxy = FA481D1F1ED4856300F0A0E9 /* PBXContainerItemProxy */;
		};
/* End PBXTargetDependency section */

/* Begin PBXVariantGroup section */
		FA481D061ED4856300F0A0E9 /* Main.storyboard */ = {
			isa = PBXVariantGroup;
			children = (
				FA481D071ED4856300F0A0E9 /* Base */,
			);
			name = Main.storyboard;
			sourceTree = "<group>";
		};
		FA481D0B1ED4856300F0A0E9 /* LaunchScreen.storyboard */ = {
			isa = PBXVariantGroup;
			children = (
				FA481D0C1ED4856300F0A0E9 /* Base */,
			);
			name = LaunchScreen.storyboard;
			sourceTree = "<group>";
		};
/* End PBXVariantGroup section */

/* Begin XCBuildConfiguration section */
		FA481D251ED4856300F0A0E9 /* Debug */ = {
			isa = XCBuildConfiguration;
			buildSettings = {
				ALWAYS_SEARCH_USER_PATHS = NO;
				CLANG_ANALYZER_NONNULL = YES;
				CLANG_CXX_LANGUAGE_STANDARD = "gnu++0x";
				CLANG_CXX_LIBRARY = "libc++";
				CLANG_ENABLE_MODULES = YES;
				CLANG_ENABLE_OBJC_ARC = YES;
				CLANG_WARN_BOOL_CONVERSION = YES;
				CLANG_WARN_CONSTANT_CONVERSION = YES;
				CLANG_WARN_DIRECT_OBJC_ISA_USAGE = YES_ERROR;
				CLANG_WARN_EMPTY_BODY = YES;
				CLANG_WARN_ENUM_CONVERSION = YES;
				CLANG_WARN_INT_CONVERSION = YES;
				CLANG_WARN_OBJC_ROOT_CLASS = YES_ERROR;
				CLANG_WARN_UNREACHABLE_CODE = YES;
				CLANG_WARN__DUPLICATE_METHOD_MATCH = YES;
				"CODE_SIGN_IDENTITY[sdk=iphoneos*]" = "iPhone Developer";
				COPY_PHASE_STRIP = NO;
				DEBUG_INFORMATION_FORMAT = dwarf;
				ENABLE_STRICT_OBJC_MSGSEND = YES;
				ENABLE_TESTABILITY = YES;
				GCC_C_LANGUAGE_STANDARD = gnu99;
				GCC_DYNAMIC_NO_PIC = NO;
				GCC_NO_COMMON_BLOCKS = YES;
				GCC_OPTIMIZATION_LEVEL = 0;
				GCC_PREPROCESSOR_DEFINITIONS = (
					"DEBUG=1",
					"$(inherited)",
				);
				GCC_WARN_64_TO_32_BIT_CONVERSION = YES;
				GCC_WARN_ABOUT_RETURN_TYPE = YES_ERROR;
				GCC_WARN_UNDECLARED_SELECTOR = YES;
				GCC_WARN_UNINITIALIZED_AUTOS = YES_AGGRESSIVE;
				GCC_WARN_UNUSED_FUNCTION = YES;
				GCC_WARN_UNUSED_VARIABLE = YES;
				IPHONEOS_DEPLOYMENT_TARGET = 9.3;
				MTL_ENABLE_DEBUG_INFO = YES;
				ONLY_ACTIVE_ARCH = YES;
				SDKROOT = iphoneos;
				SWIFT_OPTIMIZATION_LEVEL = "-Onone";
				TARGETED_DEVICE_FAMILY = "1,2";
			};
			name = Debug;
		};
		FA481D261ED4856300F0A0E9 /* Release */ = {
			isa = XCBuildConfiguration;
			buildSettings = {
				ALWAYS_SEARCH_USER_PATHS = NO;
				CLANG_ANALYZER_NONNULL = YES;
				CLANG_CXX_LANGUAGE_STANDARD = "gnu++0x";
				CLANG_CXX_LIBRARY = "libc++";
				CLANG_ENABLE_MODULES = YES;
				CLANG_ENABLE_OBJC_ARC = YES;
				CLANG_WARN_BOOL_CONVERSION = YES;
				CLANG_WARN_CONSTANT_CONVERSION = YES;
				CLANG_WARN_DIRECT_OBJC_ISA_USAGE = YES_ERROR;
				CLANG_WARN_EMPTY_BODY = YES;
				CLANG_WARN_ENUM_CONVERSION = YES;
				CLANG_WARN_INT_CONVERSION = YES;
				CLANG_WARN_OBJC_ROOT_CLASS = YES_ERROR;
				CLANG_WARN_UNREACHABLE_CODE = YES;
				CLANG_WARN__DUPLICATE_METHOD_MATCH = YES;
				"CODE_SIGN_IDENTITY[sdk=iphoneos*]" = "iPhone Developer";
				COPY_PHASE_STRIP = NO;
				DEBUG_INFORMATION_FORMAT = "dwarf-with-dsym";
				ENABLE_NS_ASSERTIONS = NO;
				ENABLE_STRICT_OBJC_MSGSEND = YES;
				GCC_C_LANGUAGE_STANDARD = gnu99;
				GCC_NO_COMMON_BLOCKS = YES;
				GCC_WARN_64_TO_32_BIT_CONVERSION = YES;
				GCC_WARN_ABOUT_RETURN_TYPE = YES_ERROR;
				GCC_WARN_UNDECLARED_SELECTOR = YES;
				GCC_WARN_UNINITIALIZED_AUTOS = YES_AGGRESSIVE;
				GCC_WARN_UNUSED_FUNCTION = YES;
				GCC_WARN_UNUSED_VARIABLE = YES;
				IPHONEOS_DEPLOYMENT_TARGET = 9.3;
				MTL_ENABLE_DEBUG_INFO = NO;
				SDKROOT = iphoneos;
				TARGETED_DEVICE_FAMILY = "1,2";
				VALIDATE_PRODUCT = YES;
			};
			name = Release;
		};
		FA481D281ED4856300F0A0E9 /* Debug */ = {
			isa = XCBuildConfiguration;
			buildSettings = {
				ASSETCATALOG_COMPILER_APPICON_NAME = AppIcon;
				INFOPLIST_FILE = 8Ball/Info.plist;
				LD_RUNPATH_SEARCH_PATHS = "$(inherited) @executable_path/Frameworks";
				PRODUCT_BUNDLE_IDENTIFIER = "com.louisebishop.-Ball";
				PRODUCT_NAME = "$(TARGET_NAME)";
			};
			name = Debug;
		};
		FA481D291ED4856300F0A0E9 /* Release */ = {
			isa = XCBuildConfiguration;
			buildSettings = {
				ASSETCATALOG_COMPILER_APPICON_NAME = AppIcon;
				INFOPLIST_FILE = 8Ball/Info.plist;
				LD_RUNPATH_SEARCH_PATHS = "$(inherited) @executable_path/Frameworks";
				PRODUCT_BUNDLE_IDENTIFIER = "com.louisebishop.-Ball";
				PRODUCT_NAME = "$(TARGET_NAME)";
			};
			name = Release;
		};
		FA481D2B1ED4856300F0A0E9 /* Debug */ = {
			isa = XCBuildConfiguration;
			buildSettings = {
				BUNDLE_LOADER = "$(TEST_HOST)";
				INFOPLIST_FILE = 8BallTests/Info.plist;
				LD_RUNPATH_SEARCH_PATHS = "$(inherited) @executable_path/Frameworks @loader_path/Frameworks";
				PRODUCT_BUNDLE_IDENTIFIER = "com.louisebishop.-BallTests";
				PRODUCT_NAME = "$(TARGET_NAME)";
				TEST_HOST = "$(BUILT_PRODUCTS_DIR)/8Ball.app/8Ball";
			};
			name = Debug;
		};
		FA481D2C1ED4856300F0A0E9 /* Release */ = {
			isa = XCBuildConfiguration;
			buildSettings = {
				BUNDLE_LOADER = "$(TEST_HOST)";
				INFOPLIST_FILE = 8BallTests/Info.plist;
				LD_RUNPATH_SEARCH_PATHS = "$(inherited) @executable_path/Frameworks @loader_path/Frameworks";
				PRODUCT_BUNDLE_IDENTIFIER = "com.louisebishop.-BallTests";
				PRODUCT_NAME = "$(TARGET_NAME)";
				TEST_HOST = "$(BUILT_PRODUCTS_DIR)/8Ball.app/8Ball";
			};
			name = Release;
		};
		FA481D2E1ED4856300F0A0E9 /* Debug */ = {
			isa = XCBuildConfiguration;
			buildSettings = {
				INFOPLIST_FILE = 8BallUITests/Info.plist;
				LD_RUNPATH_SEARCH_PATHS = "$(inherited) @executable_path/Frameworks @loader_path/Frameworks";
				PRODUCT_BUNDLE_IDENTIFIER = "com.louisebishop.-BallUITests";
				PRODUCT_NAME = "$(TARGET_NAME)";
				TEST_TARGET_NAME = 8Ball;
			};
			name = Debug;
		};
		FA481D2F1ED4856300F0A0E9 /* Release */ = {
			isa = XCBuildConfiguration;
			buildSettings = {
				INFOPLIST_FILE = 8BallUITests/Info.plist;
				LD_RUNPATH_SEARCH_PATHS = "$(inherited) @executable_path/Frameworks @loader_path/Frameworks";
				PRODUCT_BUNDLE_IDENTIFIER = "com.louisebishop.-BallUITests";
				PRODUCT_NAME = "$(TARGET_NAME)";
				TEST_TARGET_NAME = 8Ball;
			};
			name = Release;
		};
/* End XCBuildConfiguration section */

/* Begin XCConfigurationList section */
		FA481CFA1ED4856300F0A0E9 /* Build configuration list for PBXProject "8Ball" */ = {
			isa = XCConfigurationList;
			buildConfigurations = (
				FA481D251ED4856300F0A0E9 /* Debug */,
				FA481D261ED4856300F0A0E9 /* Release */,
			);
			defaultConfigurationIsVisible = 0;
			defaultConfigurationName = Release;
		};
		FA481D271ED4856300F0A0E9 /* Build configuration list for PBXNativeTarget "8Ball" */ = {
			isa = XCConfigurationList;
			buildConfigurations = (
				FA481D281ED4856300F0A0E9 /* Debug */,
				FA481D291ED4856300F0A0E9 /* Release */,
			);
			defaultConfigurationIsVisible = 0;
		};
		FA481D2A1ED4856300F0A0E9 /* Build configuration list for PBXNativeTarget "8BallTests" */ = {
			isa = XCConfigurationList;
			buildConfigurations = (
				FA481D2B1ED4856300F0A0E9 /* Debug */,
				FA481D2C1ED4856300F0A0E9 /* Release */,
			);
			defaultConfigurationIsVisible = 0;
		};
		FA481D2D1ED4856300F0A0E9 /* Build configuration list for PBXNativeTarget "8BallUITests" */ = {
			isa = XCConfigurationList;
			buildConfigurations = (
				FA481D2E1ED4856300F0A0E9 /* Debug */,
				FA481D2F1ED4856300F0A0E9 /* Release */,
			);
			defaultConfigurationIsVisible = 0;
		};
/* End XCConfigurationList section */
	};
	rootObject = FA481CF71ED4856300F0A0E9 /* Project object */;
}
